
Microsoft Visual Studio Solution File, Format Version 12.00
# Visual Studio Version 17
VisualStudioVersion = 17.0.32112.339
MinimumVisualStudioVersion = 10.0.40219.1
Project("{FAE04EC0-301F-11D3-BF4B-00C04F79EFBC}") = "ESGameListGenerator2", "ESGameListGenerator2\ESGameListGenerator2.csproj", "{2A7F88C3-F484-44EE-A216-D8C46153BFD2}"
EndProject
Global
	GlobalSection(SolutionConfigurationPlatforms) = preSolution
		Debug|Any CPU = Debug|Any CPU
		Release|Any CPU = Release|Any CPU
	EndGlobalSection
	GlobalSection(ProjectConfigurationPlatforms) = postSolution
		{2A7F88C3-F484-44EE-A216-D8C46153BFD2}.Debug|Any CPU.ActiveCfg = Debug|Any CPU
		{2A7F88C3-F484-44EE-A216-D8C46153BFD2}.Debug|Any CPU.Build.0 = Debug|Any CPU
		{2A7F88C3-F484-44EE-A216-D8C46153BFD2}.Release|Any CPU.ActiveCfg = Release|Any CPU
		{2A7F88C3-F484-44EE-A216-D8C46153BFD2}.Release|Any CPU.Build.0 = Release|Any CPU
	EndGlobalSection
	GlobalSection(SolutionProperties) = preSolution
		HideSolutionNode = FALSE
	EndGlobalSection
	GlobalSection(ExtensibilityGlobals) = postSolution
		SolutionGuid = {8FF61970-B7A5-4793-B02C-F079E3139D0E}
	EndGlobalSection
EndGlobal
